
Microsoft Visual Studio Solution File, Format Version 12.00
# Visual Studio Version 17
VisualStudioVersion = 17.13.35931.197 d17.13
MinimumVisualStudioVersion = 10.0.40219.1
Project("{FAE04EC0-301F-11D3-BF4B-00C04F79EFBC}") = "BE_2722026_NetCoreAPI", "BE_2722026_NetCoreAPI.csproj", "{EC453E02-A8FD-ABC9-41CC-D7E968D40EC3}"
EndProject
Project("{FAE04EC0-301F-11D3-BF4B-00C04F79EFBC}") = "DataAccess.NetCore", "..\DataAccess.NetCore\DataAccess.NetCore.csproj", "{461D267C-5173-8137-DACF-AB852E977AFC}"
EndProject
Global
	GlobalSection(SolutionConfigurationPlatforms) = preSolution
		Debug|Any CPU = Debug|Any CPU
		Release|Any CPU = Release|Any CPU
	EndGlobalSection
	GlobalSection(ProjectConfigurationPlatforms) = postSolution
		{EC453E02-A8FD-ABC9-41CC-D7E968D40EC3}.Debug|Any CPU.ActiveCfg = Debug|Any CPU
		{EC453E02-A8FD-ABC9-41CC-D7E968D40EC3}.Debug|Any CPU.Build.0 = Debug|Any CPU
		{EC453E02-A8FD-ABC9-41CC-D7E968D40EC3}.Release|Any CPU.ActiveCfg = Release|Any CPU
		{EC453E02-A8FD-ABC9-41CC-D7E968D40EC3}.Release|Any CPU.Build.0 = Release|Any CPU
		{461D267C-5173-8137-DACF-AB852E977AFC}.Debug|Any CPU.ActiveCfg = Debug|Any CPU
		{461D267C-5173-8137-DACF-AB852E977AFC}.Debug|Any CPU.Build.0 = Debug|Any CPU
		{461D267C-5173-8137-DACF-AB852E977AFC}.Release|Any CPU.ActiveCfg = Release|Any CPU
		{461D267C-5173-8137-DACF-AB852E977AFC}.Release|Any CPU.Build.0 = Release|Any CPU
	EndGlobalSection
	GlobalSection(SolutionProperties) = preSolution
		HideSolutionNode = FALSE
	EndGlobalSection
	GlobalSection(ExtensibilityGlobals) = postSolution
		SolutionGuid = {1357DABB-3633-45FB-9648-7E10C063D469}
	EndGlobalSection
EndGlobal
